# THIS IS AN AUTOGENERATED FILE. DO NOT EDIT THIS FILE DIRECTLY.
# yarn lockfile v1


"@babel/runtime@^7.13.10":
  version "7.21.5"
  resolved "https://registry.npmjs.org/@babel/runtime/-/runtime-7.21.5.tgz"
  integrity sha512-8jI69toZqqcsnqGGqwGS4Qb1VwLOEp4hz+CXPywcvjs60u3B4Pom/U/7rm4W8tMOYEB+E9wgD0mW1l3r8qlI9Q==
  dependencies:
    regenerator-runtime "^0.13.11"

"@floating-ui/core@^0.7.3":
  version "0.7.3"
  resolved "https://registry.npmjs.org/@floating-ui/core/-/core-0.7.3.tgz"
  integrity sha512-buc8BXHmG9l82+OQXOFU3Kr2XQx9ys01U/Q9HMIrZ300iLc8HLMgh7dcCqgYzAzf4BkoQvDcXf5Y+CuEZ5JBYg==

"@floating-ui/dom@^0.5.3":
  version "0.5.4"
  resolved "https://registry.npmjs.org/@floating-ui/dom/-/dom-0.5.4.tgz"
  integrity sha512-419BMceRLq0RrmTSDxn8hf9R3VCJv2K9PUfugh5JyEFmdjzDo+e8U5EdR8nzKq8Yj1htzLm3b6eQEEam3/rrtg==
  dependencies:
    "@floating-ui/core" "^0.7.3"

"@floating-ui/react-dom@0.7.2":
  version "0.7.2"
  resolved "https://registry.npmjs.org/@floating-ui/react-dom/-/react-dom-0.7.2.tgz"
  integrity sha512-1T0sJcpHgX/u4I1OzIEhlcrvkUN8ln39nz7fMoE/2HDHrPiMFoOGR7++GYyfUmIQHkkrTinaeQsO3XWubjSvGg==
  dependencies:
    "@floating-ui/dom" "^0.5.3"
    use-isomorphic-layout-effect "^1.1.1"

"@headlessui/react@^1.7.14":
  version "1.7.14"
  resolved "https://registry.yarnpkg.com/@headlessui/react/-/react-1.7.14.tgz#75f19552c535113640fe8a3a40e71474f49e89c9"
  integrity sha512-znzdq9PG8rkwcu9oQ2FwIy0ZFtP9Z7ycS+BAqJ3R5EIqC/0bJGvhT7193rFf+45i9nnPsYvCQVW4V/bB9Xc+gA==
  dependencies:
    client-only "^0.0.1"

"@radix-ui/number@1.0.0":
  version "1.0.0"
  resolved "https://registry.npmjs.org/@radix-ui/number/-/number-1.0.0.tgz"
  integrity sha512-Ofwh/1HX69ZfJRiRBMTy7rgjAzHmwe4kW9C9Y99HTRUcYLUuVT0KESFj15rPjRgKJs20GPq8Bm5aEDJ8DuA3vA==
  dependencies:
    "@babel/runtime" "^7.13.10"

"@radix-ui/primitive@1.0.0":
  version "1.0.0"
  resolved "https://registry.npmjs.org/@radix-ui/primitive/-/primitive-1.0.0.tgz"
  integrity sha512-3e7rn8FDMin4CgeL7Z/49smCA3rFYY3Ha2rUQ7HRWFadS5iCRw08ZgVT1LaNTCNqgvrUiyczLflrVrF0SRQtNA==
  dependencies:
    "@babel/runtime" "^7.13.10"

"@radix-ui/react-arrow@1.0.2":
  version "1.0.2"
  resolved "https://registry.npmjs.org/@radix-ui/react-arrow/-/react-arrow-1.0.2.tgz"
  integrity sha512-fqYwhhI9IarZ0ll2cUSfKuXHlJK0qE4AfnRrPBbRwEH/4mGQn04/QFGomLi8TXWIdv9WJk//KgGm+aDxVIr1wA==
  dependencies:
    "@babel/runtime" "^7.13.10"
    "@radix-ui/react-primitive" "1.0.2"

"@radix-ui/react-collection@1.0.2":
  version "1.0.2"
  resolved "https://registry.npmjs.org/@radix-ui/react-collection/-/react-collection-1.0.2.tgz"
  integrity sha512-s8WdQQ6wNXpaxdZ308KSr8fEWGrg4un8i4r/w7fhiS4ElRNjk5rRcl0/C6TANG2LvLOGIxtzo/jAg6Qf73TEBw==
  dependencies:
    "@babel/runtime" "^7.13.10"
    "@radix-ui/react-compose-refs" "1.0.0"
    "@radix-ui/react-context" "1.0.0"
    "@radix-ui/react-primitive" "1.0.2"
    "@radix-ui/react-slot" "1.0.1"

"@radix-ui/react-compose-refs@1.0.0":
  version "1.0.0"
  resolved "https://registry.npmjs.org/@radix-ui/react-compose-refs/-/react-compose-refs-1.0.0.tgz"
  integrity sha512-0KaSv6sx787/hK3eF53iOkiSLwAGlFMx5lotrqD2pTjB18KbybKoEIgkNZTKC60YECDQTKGTRcDBILwZVqVKvA==
  dependencies:
    "@babel/runtime" "^7.13.10"

"@radix-ui/react-context@1.0.0":
  version "1.0.0"
  resolved "https://registry.npmjs.org/@radix-ui/react-context/-/react-context-1.0.0.tgz"
  integrity sha512-1pVM9RfOQ+n/N5PJK33kRSKsr1glNxomxONs5c49MliinBY6Yw2Q995qfBUUo0/Mbg05B/sGA0gkgPI7kmSHBg==
  dependencies:
    "@babel/runtime" "^7.13.10"

"@radix-ui/react-direction@1.0.0":
  version "1.0.0"
  resolved "https://registry.npmjs.org/@radix-ui/react-direction/-/react-direction-1.0.0.tgz"
  integrity sha512-2HV05lGUgYcA6xgLQ4BKPDmtL+QbIZYH5fCOTAOOcJ5O0QbWS3i9lKaurLzliYUDhORI2Qr3pyjhJh44lKA3rQ==
  dependencies:
    "@babel/runtime" "^7.13.10"

"@radix-ui/react-dismissable-layer@1.0.3":
  version "1.0.3"
  resolved "https://registry.npmjs.org/@radix-ui/react-dismissable-layer/-/react-dismissable-layer-1.0.3.tgz"
  integrity sha512-nXZOvFjOuHS1ovumntGV7NNoLaEp9JEvTht3MBjP44NSW5hUKj/8OnfN3+8WmB+CEhN44XaGhpHoSsUIEl5P7Q==
  dependencies:
    "@babel/runtime" "^7.13.10"
    "@radix-ui/primitive" "1.0.0"
    "@radix-ui/react-compose-refs" "1.0.0"
    "@radix-ui/react-primitive" "1.0.2"
    "@radix-ui/react-use-callback-ref" "1.0.0"
    "@radix-ui/react-use-escape-keydown" "1.0.2"

"@radix-ui/react-focus-guards@1.0.0":
  version "1.0.0"
  resolved "https://registry.npmjs.org/@radix-ui/react-focus-guards/-/react-focus-guards-1.0.0.tgz"
  integrity sha512-UagjDk4ijOAnGu4WMUPj9ahi7/zJJqNZ9ZAiGPp7waUWJO0O1aWXi/udPphI0IUjvrhBsZJGSN66dR2dsueLWQ==
  dependencies:
    "@babel/runtime" "^7.13.10"

"@radix-ui/react-focus-scope@1.0.2":
  version "1.0.2"
  resolved "https://registry.npmjs.org/@radix-ui/react-focus-scope/-/react-focus-scope-1.0.2.tgz"
  integrity sha512-spwXlNTfeIprt+kaEWE/qYuYT3ZAqJiAGjN/JgdvgVDTu8yc+HuX+WOWXrKliKnLnwck0F6JDkqIERncnih+4A==
  dependencies:
    "@babel/runtime" "^7.13.10"
    "@radix-ui/react-compose-refs" "1.0.0"
    "@radix-ui/react-primitive" "1.0.2"
    "@radix-ui/react-use-callback-ref" "1.0.0"

"@radix-ui/react-id@1.0.0":
  version "1.0.0"
  resolved "https://registry.npmjs.org/@radix-ui/react-id/-/react-id-1.0.0.tgz"
  integrity sha512-Q6iAB/U7Tq3NTolBBQbHTgclPmGWE3OlktGGqrClPozSw4vkQ1DfQAOtzgRPecKsMdJINE05iaoDUG8tRzCBjw==
  dependencies:
    "@babel/runtime" "^7.13.10"
    "@radix-ui/react-use-layout-effect" "1.0.0"

"@radix-ui/react-popper@1.1.1":
  version "1.1.1"
  resolved "https://registry.npmjs.org/@radix-ui/react-popper/-/react-popper-1.1.1.tgz"
  integrity sha512-keYDcdMPNMjSC8zTsZ8wezUMiWM9Yj14wtF3s0PTIs9srnEPC9Kt2Gny1T3T81mmSeyDjZxsD9N5WCwNNb712w==
  dependencies:
    "@babel/runtime" "^7.13.10"
    "@floating-ui/react-dom" "0.7.2"
    "@radix-ui/react-arrow" "1.0.2"
    "@radix-ui/react-compose-refs" "1.0.0"
    "@radix-ui/react-context" "1.0.0"
    "@radix-ui/react-primitive" "1.0.2"
    "@radix-ui/react-use-callback-ref" "1.0.0"
    "@radix-ui/react-use-layout-effect" "1.0.0"
    "@radix-ui/react-use-rect" "1.0.0"
    "@radix-ui/react-use-size" "1.0.0"
    "@radix-ui/rect" "1.0.0"

"@radix-ui/react-portal@1.0.2":
  version "1.0.2"
  resolved "https://registry.npmjs.org/@radix-ui/react-portal/-/react-portal-1.0.2.tgz"
  integrity sha512-swu32idoCW7KA2VEiUZGBSu9nB6qwGdV6k6HYhUoOo3M1FFpD+VgLzUqtt3mwL1ssz7r2x8MggpLSQach2Xy/Q==
  dependencies:
    "@babel/runtime" "^7.13.10"
    "@radix-ui/react-primitive" "1.0.2"

"@radix-ui/react-primitive@1.0.2":
  version "1.0.2"
  resolved "https://registry.npmjs.org/@radix-ui/react-primitive/-/react-primitive-1.0.2.tgz"
  integrity sha512-zY6G5Qq4R8diFPNwtyoLRZBxzu1Z+SXMlfYpChN7Dv8gvmx9X3qhDqiLWvKseKVJMuedFeU/Sa0Sy/Ia+t06Dw==
  dependencies:
    "@babel/runtime" "^7.13.10"
    "@radix-ui/react-slot" "1.0.1"

"@radix-ui/react-select@^1.2.1":
  version "1.2.1"
  resolved "https://registry.npmjs.org/@radix-ui/react-select/-/react-select-1.2.1.tgz"
  integrity sha512-GULRMITaOHNj79BZvQs3iZO0+f2IgI8g5HDhMi7Bnc13t7IlG86NFtOCfTLme4PNZdEtU+no+oGgcl6IFiphpQ==
  dependencies:
    "@babel/runtime" "^7.13.10"
    "@radix-ui/number" "1.0.0"
    "@radix-ui/primitive" "1.0.0"
    "@radix-ui/react-collection" "1.0.2"
    "@radix-ui/react-compose-refs" "1.0.0"
    "@radix-ui/react-context" "1.0.0"
    "@radix-ui/react-direction" "1.0.0"
    "@radix-ui/react-dismissable-layer" "1.0.3"
    "@radix-ui/react-focus-guards" "1.0.0"
    "@radix-ui/react-focus-scope" "1.0.2"
    "@radix-ui/react-id" "1.0.0"
    "@radix-ui/react-popper" "1.1.1"
    "@radix-ui/react-portal" "1.0.2"
    "@radix-ui/react-primitive" "1.0.2"
    "@radix-ui/react-slot" "1.0.1"
    "@radix-ui/react-use-callback-ref" "1.0.0"
    "@radix-ui/react-use-controllable-state" "1.0.0"
    "@radix-ui/react-use-layout-effect" "1.0.0"
    "@radix-ui/react-use-previous" "1.0.0"
    "@radix-ui/react-visually-hidden" "1.0.2"
    aria-hidden "^1.1.1"
    react-remove-scroll "2.5.5"

"@radix-ui/react-slot@1.0.1":
  version "1.0.1"
  resolved "https://registry.npmjs.org/@radix-ui/react-slot/-/react-slot-1.0.1.tgz"
  integrity sha512-avutXAFL1ehGvAXtPquu0YK5oz6ctS474iM3vNGQIkswrVhdrS52e3uoMQBzZhNRAIE0jBnUyXWNmSjGHhCFcw==
  dependencies:
    "@babel/runtime" "^7.13.10"
    "@radix-ui/react-compose-refs" "1.0.0"

"@radix-ui/react-use-callback-ref@1.0.0":
  version "1.0.0"
  resolved "https://registry.npmjs.org/@radix-ui/react-use-callback-ref/-/react-use-callback-ref-1.0.0.tgz"
  integrity sha512-GZtyzoHz95Rhs6S63D2t/eqvdFCm7I+yHMLVQheKM7nBD8mbZIt+ct1jz4536MDnaOGKIxynJ8eHTkVGVVkoTg==
  dependencies:
    "@babel/runtime" "^7.13.10"

"@radix-ui/react-use-controllable-state@1.0.0":
  version "1.0.0"
  resolved "https://registry.npmjs.org/@radix-ui/react-use-controllable-state/-/react-use-controllable-state-1.0.0.tgz"
  integrity sha512-FohDoZvk3mEXh9AWAVyRTYR4Sq7/gavuofglmiXB2g1aKyboUD4YtgWxKj8O5n+Uak52gXQ4wKz5IFST4vtJHg==
  dependencies:
    "@babel/runtime" "^7.13.10"
    "@radix-ui/react-use-callback-ref" "1.0.0"

"@radix-ui/react-use-escape-keydown@1.0.2":
  version "1.0.2"
  resolved "https://registry.npmjs.org/@radix-ui/react-use-escape-keydown/-/react-use-escape-keydown-1.0.2.tgz"
  integrity sha512-DXGim3x74WgUv+iMNCF+cAo8xUHHeqvjx8zs7trKf+FkQKPQXLk2sX7Gx1ysH7Q76xCpZuxIJE7HLPxRE+Q+GA==
  dependencies:
    "@babel/runtime" "^7.13.10"
    "@radix-ui/react-use-callback-ref" "1.0.0"

"@radix-ui/react-use-layout-effect@1.0.0":
  version "1.0.0"
  resolved "https://registry.npmjs.org/@radix-ui/react-use-layout-effect/-/react-use-layout-effect-1.0.0.tgz"
  integrity sha512-6Tpkq+R6LOlmQb1R5NNETLG0B4YP0wc+klfXafpUCj6JGyaUc8il7/kUZ7m59rGbXGczE9Bs+iz2qloqsZBduQ==
  dependencies:
    "@babel/runtime" "^7.13.10"

"@radix-ui/react-use-previous@1.0.0":
  version "1.0.0"
  resolved "https://registry.npmjs.org/@radix-ui/react-use-previous/-/react-use-previous-1.0.0.tgz"
  integrity sha512-RG2K8z/K7InnOKpq6YLDmT49HGjNmrK+fr82UCVKT2sW0GYfVnYp4wZWBooT/EYfQ5faA9uIjvsuMMhH61rheg==
  dependencies:
    "@babel/runtime" "^7.13.10"

"@radix-ui/react-use-rect@1.0.0":
  version "1.0.0"
  resolved "https://registry.npmjs.org/@radix-ui/react-use-rect/-/react-use-rect-1.0.0.tgz"
  integrity sha512-TB7pID8NRMEHxb/qQJpvSt3hQU4sqNPM1VCTjTRjEOa7cEop/QMuq8S6fb/5Tsz64kqSvB9WnwsDHtjnrM9qew==
  dependencies:
    "@babel/runtime" "^7.13.10"
    "@radix-ui/rect" "1.0.0"

"@radix-ui/react-use-size@1.0.0":
  version "1.0.0"
  resolved "https://registry.npmjs.org/@radix-ui/react-use-size/-/react-use-size-1.0.0.tgz"
  integrity sha512-imZ3aYcoYCKhhgNpkNDh/aTiU05qw9hX+HHI1QDBTyIlcFjgeFlKKySNGMwTp7nYFLQg/j0VA2FmCY4WPDDHMg==
  dependencies:
    "@babel/runtime" "^7.13.10"
    "@radix-ui/react-use-layout-effect" "1.0.0"

"@radix-ui/react-visually-hidden@1.0.2":
  version "1.0.2"
  resolved "https://registry.npmjs.org/@radix-ui/react-visually-hidden/-/react-visually-hidden-1.0.2.tgz"
  integrity sha512-qirnJxtYn73HEk1rXL12/mXnu2rwsNHDID10th2JGtdK25T9wX+mxRmGt7iPSahw512GbZOc0syZX1nLQGoEOg==
  dependencies:
    "@babel/runtime" "^7.13.10"
    "@radix-ui/react-primitive" "1.0.2"

"@radix-ui/rect@1.0.0":
  version "1.0.0"
  resolved "https://registry.npmjs.org/@radix-ui/rect/-/rect-1.0.0.tgz"
  integrity sha512-d0O68AYy/9oeEy1DdC07bz1/ZXX+DqCskRd3i4JzLSTXwefzaepQrKjXC7aNM8lTHjFLDO0pDgaEiQ7jEk+HVg==
  dependencies:
    "@babel/runtime" "^7.13.10"

"@reactflow/background@11.2.2":
  version "11.2.2"
  resolved "https://registry.npmjs.org/@reactflow/background/-/background-11.2.2.tgz"
  integrity sha512-gOtae79Zx1zOs9tD4tmKfuiQQOyG0O81BWBCHqlAQgemKlYExElFKOC67lgTDZ4GGFK+4sXrgrWQ5h14hzaFgg==
  dependencies:
    "@reactflow/core" "11.7.2"
    classcat "^5.0.3"
    zustand "^4.3.1"

"@reactflow/controls@11.1.13":
  version "11.1.13"
  resolved "https://registry.npmjs.org/@reactflow/controls/-/controls-11.1.13.tgz"
  integrity sha512-rA74+mbt2bnz9Fba6JL1JsKHNNEK6Nl70+ssfOLKMpRFIg512IroayBWufgPJB82X9dgMIzZfx/UcEFFUFJQ8Q==
  dependencies:
    "@reactflow/core" "11.7.2"
    classcat "^5.0.3"
    zustand "^4.3.1"

"@reactflow/core@11.7.2", "@reactflow/core@^11.6.0":
  version "11.7.2"
  resolved "https://registry.npmjs.org/@reactflow/core/-/core-11.7.2.tgz"
  integrity sha512-AhszxILp1RNk3SwrnC/eYh1XsOil5yzthYG5k+oTpvLH5H3BtIWIVkeLEJwmL611lPKL3JuScfjliUxBm9128w==
  dependencies:
    "@types/d3" "^7.4.0"
    "@types/d3-drag" "^3.0.1"
    "@types/d3-selection" "^3.0.3"
    "@types/d3-zoom" "^3.0.1"
    classcat "^5.0.3"
    d3-drag "^3.0.0"
    d3-selection "^3.0.0"
    d3-zoom "^3.0.0"
    zustand "^4.3.1"

"@reactflow/minimap@11.5.2":
  version "11.5.2"
  resolved "https://registry.npmjs.org/@reactflow/minimap/-/minimap-11.5.2.tgz"
  integrity sha512-564gP/GMZKaJjVRGIrVLv2gIjgc89+qvNwuZzHnQLXjBw5+nS/QkW57Qx/M33MxVAaM+Z5rJ8gKknMSnxekwvQ==
  dependencies:
    "@reactflow/core" "11.7.2"
    "@types/d3-selection" "^3.0.3"
    "@types/d3-zoom" "^3.0.1"
    classcat "^5.0.3"
    d3-selection "^3.0.0"
    d3-zoom "^3.0.0"
    zustand "^4.3.1"

"@reactflow/node-resizer@2.1.0":
  version "2.1.0"
  resolved "https://registry.npmjs.org/@reactflow/node-resizer/-/node-resizer-2.1.0.tgz"
  integrity sha512-DVL8nnWsltP8/iANadAcTaDB4wsEkx2mOLlBEPNE3yc5loSm3u9l5m4enXRcBym61MiMuTtDPzZMyYYQUjuYIg==
  dependencies:
    "@reactflow/core" "^11.6.0"
    classcat "^5.0.4"
    d3-drag "^3.0.0"
    d3-selection "^3.0.0"
    zustand "^4.3.1"

"@reactflow/node-toolbar@1.2.1":
  version "1.2.1"
  resolved "https://registry.npmjs.org/@reactflow/node-toolbar/-/node-toolbar-1.2.1.tgz"
  integrity sha512-EcMUMzJGAACYQTiUaBm3zxeiiKCPwU2MaoDeZdnEMbvq+2SfohKOur6JklANjv30kL+Pf3xj8QopEtyKTS4XrA==
  dependencies:
    "@reactflow/core" "11.7.2"
    classcat "^5.0.3"
    zustand "^4.3.1"

"@types/d3-array@*":
  version "3.0.4"
  resolved "https://registry.npmjs.org/@types/d3-array/-/d3-array-3.0.4.tgz"
  integrity sha512-nwvEkG9vYOc0Ic7G7kwgviY4AQlTfYGIZ0fqB7CQHXGyYM6nO7kJh5EguSNA3jfh4rq7Sb7eMVq8isuvg2/miQ==

"@types/d3-axis@*":
  version "3.0.2"
  resolved "https://registry.npmjs.org/@types/d3-axis/-/d3-axis-3.0.2.tgz"
  integrity sha512-uGC7DBh0TZrU/LY43Fd8Qr+2ja1FKmH07q2FoZFHo1eYl8aj87GhfVoY1saJVJiq24rp1+wpI6BvQJMKgQm8oA==
  dependencies:
    "@types/d3-selection" "*"

"@types/d3-brush@*":
  version "3.0.2"
  resolved "https://registry.npmjs.org/@types/d3-brush/-/d3-brush-3.0.2.tgz"
  integrity sha512-2TEm8KzUG3N7z0TrSKPmbxByBx54M+S9lHoP2J55QuLU0VSQ9mE96EJSAOVNEqd1bbynMjeTS9VHmz8/bSw8rA==
  dependencies:
    "@types/d3-selection" "*"

"@types/d3-chord@*":
  version "3.0.2"
  resolved "https://registry.npmjs.org/@types/d3-chord/-/d3-chord-3.0.2.tgz"
  integrity sha512-abT/iLHD3sGZwqMTX1TYCMEulr+wBd0SzyOQnjYNLp7sngdOHYtNkMRI5v3w5thoN+BWtlHVDx2Osvq6fxhZWw==

"@types/d3-color@*":
  version "3.1.0"
  resolved "https://registry.npmjs.org/@types/d3-color/-/d3-color-3.1.0.tgz"
  integrity sha512-HKuicPHJuvPgCD+np6Se9MQvS6OCbJmOjGvylzMJRlDwUXjKTTXs6Pwgk79O09Vj/ho3u1ofXnhFOaEWWPrlwA==

"@types/d3-contour@*":
  version "3.0.2"
  resolved "https://registry.npmjs.org/@types/d3-contour/-/d3-contour-3.0.2.tgz"
  integrity sha512-k6/bGDoAGJZnZWaKzeB+9glgXCYGvh6YlluxzBREiVo8f/X2vpTEdgPy9DN7Z2i42PZOZ4JDhVdlTSTSkLDPlQ==
  dependencies:
    "@types/d3-array" "*"
    "@types/geojson" "*"

"@types/d3-delaunay@*":
  version "6.0.1"
  resolved "https://registry.npmjs.org/@types/d3-delaunay/-/d3-delaunay-6.0.1.tgz"
  integrity sha512-tLxQ2sfT0p6sxdG75c6f/ekqxjyYR0+LwPrsO1mbC9YDBzPJhs2HbJJRrn8Ez1DBoHRo2yx7YEATI+8V1nGMnQ==

"@types/d3-dispatch@*":
  version "3.0.2"
  resolved "https://registry.npmjs.org/@types/d3-dispatch/-/d3-dispatch-3.0.2.tgz"
  integrity sha512-rxN6sHUXEZYCKV05MEh4z4WpPSqIw+aP7n9ZN6WYAAvZoEAghEK1WeVZMZcHRBwyaKflU43PCUAJNjFxCzPDjg==

"@types/d3-drag@*", "@types/d3-drag@^3.0.1":
  version "3.0.2"
  resolved "https://registry.npmjs.org/@types/d3-drag/-/d3-drag-3.0.2.tgz"
  integrity sha512-qmODKEDvyKWVHcWWCOVcuVcOwikLVsyc4q4EBJMREsoQnR2Qoc2cZQUyFUPgO9q4S3qdSqJKBsuefv+h0Qy+tw==
  dependencies:
    "@types/d3-selection" "*"

"@types/d3-dsv@*":
  version "3.0.1"
  resolved "https://registry.npmjs.org/@types/d3-dsv/-/d3-dsv-3.0.1.tgz"
  integrity sha512-76pBHCMTvPLt44wFOieouXcGXWOF0AJCceUvaFkxSZEu4VDUdv93JfpMa6VGNFs01FHfuP4a5Ou68eRG1KBfTw==

"@types/d3-ease@*":
  version "3.0.0"
  resolved "https://registry.npmjs.org/@types/d3-ease/-/d3-ease-3.0.0.tgz"
  integrity sha512-aMo4eaAOijJjA6uU+GIeW018dvy9+oH5Y2VPPzjjfxevvGQ/oRDs+tfYC9b50Q4BygRR8yE2QCLsrT0WtAVseA==

"@types/d3-fetch@*":
  version "3.0.2"
  resolved "https://registry.npmjs.org/@types/d3-fetch/-/d3-fetch-3.0.2.tgz"
  integrity sha512-gllwYWozWfbep16N9fByNBDTkJW/SyhH6SGRlXloR7WdtAaBui4plTP+gbUgiEot7vGw/ZZop1yDZlgXXSuzjA==
  dependencies:
    "@types/d3-dsv" "*"

"@types/d3-force@*":
  version "3.0.4"
  resolved "https://registry.npmjs.org/@types/d3-force/-/d3-force-3.0.4.tgz"
  integrity sha512-q7xbVLrWcXvSBBEoadowIUJ7sRpS1yvgMWnzHJggFy5cUZBq2HZL5k/pBSm0GdYWS1vs5/EDwMjSKF55PDY4Aw==

"@types/d3-format@*":
  version "3.0.1"
  resolved "https://registry.npmjs.org/@types/d3-format/-/d3-format-3.0.1.tgz"
  integrity sha512-5KY70ifCCzorkLuIkDe0Z9YTf9RR2CjBX1iaJG+rgM/cPP+sO+q9YdQ9WdhQcgPj1EQiJ2/0+yUkkziTG6Lubg==

"@types/d3-geo@*":
  version "3.0.3"
  resolved "https://registry.npmjs.org/@types/d3-geo/-/d3-geo-3.0.3.tgz"
  integrity sha512-bK9uZJS3vuDCNeeXQ4z3u0E7OeJZXjUgzFdSOtNtMCJCLvDtWDwfpRVWlyt3y8EvRzI0ccOu9xlMVirawolSCw==
  dependencies:
    "@types/geojson" "*"

"@types/d3-hierarchy@*":
  version "3.1.2"
  resolved "https://registry.npmjs.org/@types/d3-hierarchy/-/d3-hierarchy-3.1.2.tgz"
  integrity sha512-9hjRTVoZjRFR6xo8igAJyNXQyPX6Aq++Nhb5ebrUF414dv4jr2MitM2fWiOY475wa3Za7TOS2Gh9fmqEhLTt0A==

"@types/d3-interpolate@*":
  version "3.0.1"
  resolved "https://registry.npmjs.org/@types/d3-interpolate/-/d3-interpolate-3.0.1.tgz"
  integrity sha512-jx5leotSeac3jr0RePOH1KdR9rISG91QIE4Q2PYTu4OymLTZfA3SrnURSLzKH48HmXVUru50b8nje4E79oQSQw==
  dependencies:
    "@types/d3-color" "*"

"@types/d3-path@*":
  version "3.0.0"
  resolved "https://registry.npmjs.org/@types/d3-path/-/d3-path-3.0.0.tgz"
  integrity sha512-0g/A+mZXgFkQxN3HniRDbXMN79K3CdTpLsevj+PXiTcb2hVyvkZUBg37StmgCQkaD84cUJ4uaDAWq7UJOQy2Tg==

"@types/d3-polygon@*":
  version "3.0.0"
  resolved "https://registry.npmjs.org/@types/d3-polygon/-/d3-polygon-3.0.0.tgz"
  integrity sha512-D49z4DyzTKXM0sGKVqiTDTYr+DHg/uxsiWDAkNrwXYuiZVd9o9wXZIo+YsHkifOiyBkmSWlEngHCQme54/hnHw==

"@types/d3-quadtree@*":
  version "3.0.2"
  resolved "https://registry.npmjs.org/@types/d3-quadtree/-/d3-quadtree-3.0.2.tgz"
  integrity sha512-QNcK8Jguvc8lU+4OfeNx+qnVy7c0VrDJ+CCVFS9srBo2GL9Y18CnIxBdTF3v38flrGy5s1YggcoAiu6s4fLQIw==

"@types/d3-random@*":
  version "3.0.1"
  resolved "https://registry.npmjs.org/@types/d3-random/-/d3-random-3.0.1.tgz"
  integrity sha512-IIE6YTekGczpLYo/HehAy3JGF1ty7+usI97LqraNa8IiDur+L44d0VOjAvFQWJVdZOJHukUJw+ZdZBlgeUsHOQ==

"@types/d3-scale-chromatic@*":
  version "3.0.0"
  resolved "https://registry.npmjs.org/@types/d3-scale-chromatic/-/d3-scale-chromatic-3.0.0.tgz"
  integrity sha512-dsoJGEIShosKVRBZB0Vo3C8nqSDqVGujJU6tPznsBJxNJNwMF8utmS83nvCBKQYPpjCzaaHcrf66iTRpZosLPw==

"@types/d3-scale@*":
  version "4.0.3"
  resolved "https://registry.npmjs.org/@types/d3-scale/-/d3-scale-4.0.3.tgz"
  integrity sha512-PATBiMCpvHJSMtZAMEhc2WyL+hnzarKzI6wAHYjhsonjWJYGq5BXTzQjv4l8m2jO183/4wZ90rKvSeT7o72xNQ==
  dependencies:
    "@types/d3-time" "*"

"@types/d3-selection@*", "@types/d3-selection@^3.0.3":
  version "3.0.5"
  resolved "https://registry.npmjs.org/@types/d3-selection/-/d3-selection-3.0.5.tgz"
  integrity sha512-xCB0z3Hi8eFIqyja3vW8iV01+OHGYR2di/+e+AiOcXIOrY82lcvWW8Ke1DYE/EUVMsBl4Db9RppSBS3X1U6J0w==

"@types/d3-shape@*":
  version "3.1.1"
  resolved "https://registry.npmjs.org/@types/d3-shape/-/d3-shape-3.1.1.tgz"
  integrity sha512-6Uh86YFF7LGg4PQkuO2oG6EMBRLuW9cbavUW46zkIO5kuS2PfTqo2o9SkgtQzguBHbLgNnU90UNsITpsX1My+A==
  dependencies:
    "@types/d3-path" "*"

"@types/d3-time-format@*":
  version "4.0.0"
  resolved "https://registry.npmjs.org/@types/d3-time-format/-/d3-time-format-4.0.0.tgz"
  integrity sha512-yjfBUe6DJBsDin2BMIulhSHmr5qNR5Pxs17+oW4DoVPyVIXZ+m6bs7j1UVKP08Emv6jRmYrYqxYzO63mQxy1rw==

"@types/d3-time@*":
  version "3.0.0"
  resolved "https://registry.npmjs.org/@types/d3-time/-/d3-time-3.0.0.tgz"
  integrity sha512-sZLCdHvBUcNby1cB6Fd3ZBrABbjz3v1Vm90nysCQ6Vt7vd6e/h9Lt7SiJUoEX0l4Dzc7P5llKyhqSi1ycSf1Hg==

"@types/d3-timer@*":
  version "3.0.0"
  resolved "https://registry.npmjs.org/@types/d3-timer/-/d3-timer-3.0.0.tgz"
  integrity sha512-HNB/9GHqu7Fo8AQiugyJbv6ZxYz58wef0esl4Mv828w1ZKpAshw/uFWVDUcIB9KKFeFKoxS3cHY07FFgtTRZ1g==

"@types/d3-transition@*":
  version "3.0.3"
  resolved "https://registry.npmjs.org/@types/d3-transition/-/d3-transition-3.0.3.tgz"
  integrity sha512-/S90Od8Id1wgQNvIA8iFv9jRhCiZcGhPd2qX0bKF/PS+y0W5CrXKgIiELd2CvG1mlQrWK/qlYh3VxicqG1ZvgA==
  dependencies:
    "@types/d3-selection" "*"

"@types/d3-zoom@*", "@types/d3-zoom@^3.0.1":
  version "3.0.2"
  resolved "https://registry.npmjs.org/@types/d3-zoom/-/d3-zoom-3.0.2.tgz"
  integrity sha512-t09DDJVBI6AkM7N8kuPsnq/3d/ehtRKBN1xSiYjjMCgbiw6HM6Ged5VhvswmhprfKyGvzeTEL/4WBaK9llWvlA==
  dependencies:
    "@types/d3-interpolate" "*"
    "@types/d3-selection" "*"

"@types/d3@^7.4.0":
  version "7.4.0"
  resolved "https://registry.npmjs.org/@types/d3/-/d3-7.4.0.tgz"
  integrity sha512-jIfNVK0ZlxcuRDKtRS/SypEyOQ6UHaFQBKv032X45VvxSJ6Yi5G9behy9h6tNTHTDGh5Vq+KbmBjUWLgY4meCA==
  dependencies:
    "@types/d3-array" "*"
    "@types/d3-axis" "*"
    "@types/d3-brush" "*"
    "@types/d3-chord" "*"
    "@types/d3-color" "*"
    "@types/d3-contour" "*"
    "@types/d3-delaunay" "*"
    "@types/d3-dispatch" "*"
    "@types/d3-drag" "*"
    "@types/d3-dsv" "*"
    "@types/d3-ease" "*"
    "@types/d3-fetch" "*"
    "@types/d3-force" "*"
    "@types/d3-format" "*"
    "@types/d3-geo" "*"
    "@types/d3-hierarchy" "*"
    "@types/d3-interpolate" "*"
    "@types/d3-path" "*"
    "@types/d3-polygon" "*"
    "@types/d3-quadtree" "*"
    "@types/d3-random" "*"
    "@types/d3-scale" "*"
    "@types/d3-scale-chromatic" "*"
    "@types/d3-selection" "*"
    "@types/d3-shape" "*"
    "@types/d3-time" "*"
    "@types/d3-time-format" "*"
    "@types/d3-timer" "*"
    "@types/d3-transition" "*"
    "@types/d3-zoom" "*"

"@types/geojson@*":
  version "7946.0.10"
  resolved "https://registry.npmjs.org/@types/geojson/-/geojson-7946.0.10.tgz"
  integrity sha512-Nmh0K3iWQJzniTuPRcJn5hxXkfB1T1pgB89SBig5PlJQU5yocazeu4jATJlaA0GYFKWMqDdvYemoSnF2pXgLVA==

aria-hidden@^1.1.1:
  version "1.2.3"
  resolved "https://registry.npmjs.org/aria-hidden/-/aria-hidden-1.2.3.tgz"
  integrity sha512-xcLxITLe2HYa1cnYnwCjkOO1PqUHQpozB8x9AR0OgWN2woOBi5kSDVxKfd0b7sb1hw5qFeJhXm9H1nu3xSfLeQ==
  dependencies:
    tslib "^2.0.0"

classcat@^5.0.3, classcat@^5.0.4:
  version "5.0.4"
  resolved "https://registry.npmjs.org/classcat/-/classcat-5.0.4.tgz"
  integrity sha512-sbpkOw6z413p+HDGcBENe498WM9woqWHiJxCq7nvmxe9WmrUmqfAcxpIwAiMtM5Q3AhYkzXcNQHqsWq0mND51g==

client-only@^0.0.1:
  version "0.0.1"
  resolved "https://registry.npmjs.org/client-only/-/client-only-0.0.1.tgz"
  integrity sha512-IV3Ou0jSMzZrd3pZ48nLkT9DA7Ag1pnPzaiQhpW7c3RbcqqzvzzVu+L8gfqMp/8IM2MQtSiqaCxrrcfu8I8rMA==

"d3-color@1 - 3":
  version "3.1.0"
  resolved "https://registry.npmjs.org/d3-color/-/d3-color-3.1.0.tgz"
  integrity sha512-zg/chbXyeBtMQ1LbD/WSoW2DpC3I0mpmPdW+ynRTj/x2DAWYrIY7qeZIHidozwV24m4iavr15lNwIwLxRmOxhA==

"d3-dispatch@1 - 3":
  version "3.0.1"
  resolved "https://registry.npmjs.org/d3-dispatch/-/d3-dispatch-3.0.1.tgz"
  integrity sha512-rzUyPU/S7rwUflMyLc1ETDeBj0NRuHKKAcvukozwhshr6g6c5d8zh4c2gQjY2bZ0dXeGLWc1PF174P2tVvKhfg==

"d3-drag@2 - 3", d3-drag@^3.0.0:
  version "3.0.0"
  resolved "https://registry.npmjs.org/d3-drag/-/d3-drag-3.0.0.tgz"
  integrity sha512-pWbUJLdETVA8lQNJecMxoXfH6x+mO2UQo8rSmZ+QqxcbyA3hfeprFgIT//HW2nlHChWeIIMwS2Fq+gEARkhTkg==
  dependencies:
    d3-dispatch "1 - 3"
    d3-selection "3"

"d3-ease@1 - 3":
  version "3.0.1"
  resolved "https://registry.npmjs.org/d3-ease/-/d3-ease-3.0.1.tgz"
  integrity sha512-wR/XK3D3XcLIZwpbvQwQ5fK+8Ykds1ip7A2Txe0yxncXSdq1L9skcG7blcedkOX+ZcgxGAmLX1FrRGbADwzi0w==

"d3-interpolate@1 - 3":
  version "3.0.1"
  resolved "https://registry.npmjs.org/d3-interpolate/-/d3-interpolate-3.0.1.tgz"
  integrity sha512-3bYs1rOD33uo8aqJfKP3JWPAibgw8Zm2+L9vBKEHJ2Rg+viTR7o5Mmv5mZcieN+FRYaAOWX5SJATX6k1PWz72g==
  dependencies:
    d3-color "1 - 3"

"d3-selection@2 - 3", d3-selection@3, d3-selection@^3.0.0:
  version "3.0.0"
  resolved "https://registry.npmjs.org/d3-selection/-/d3-selection-3.0.0.tgz"
  integrity sha512-fmTRWbNMmsmWq6xJV8D19U/gw/bwrHfNXxrIN+HfZgnzqTHp9jOmKMhsTUjXOJnZOdZY9Q28y4yebKzqDKlxlQ==

"d3-timer@1 - 3":
  version "3.0.1"
  resolved "https://registry.npmjs.org/d3-timer/-/d3-timer-3.0.1.tgz"
  integrity sha512-ndfJ/JxxMd3nw31uyKoY2naivF+r29V+Lc0svZxe1JvvIRmi8hUsrMvdOwgS1o6uBHmiz91geQ0ylPP0aj1VUA==

"d3-transition@2 - 3":
  version "3.0.1"
  resolved "https://registry.npmjs.org/d3-transition/-/d3-transition-3.0.1.tgz"
  integrity sha512-ApKvfjsSR6tg06xrL434C0WydLr7JewBB3V+/39RMHsaXTOG0zmt/OAXeng5M5LBm0ojmxJrpomQVZ1aPvBL4w==
  dependencies:
    d3-color "1 - 3"
    d3-dispatch "1 - 3"
    d3-ease "1 - 3"
    d3-interpolate "1 - 3"
    d3-timer "1 - 3"

d3-zoom@^3.0.0:
  version "3.0.0"
  resolved "https://registry.npmjs.org/d3-zoom/-/d3-zoom-3.0.0.tgz"
  integrity sha512-b8AmV3kfQaqWAuacbPuNbL6vahnOJflOhexLzMMNLga62+/nh0JzvJ0aO/5a5MVgUFGS7Hu1P9P03o3fJkDCyw==
  dependencies:
    d3-dispatch "1 - 3"
    d3-drag "2 - 3"
    d3-interpolate "1 - 3"
    d3-selection "2 - 3"
    d3-transition "2 - 3"

detect-node-es@^1.1.0:
  version "1.1.0"
  resolved "https://registry.npmjs.org/detect-node-es/-/detect-node-es-1.1.0.tgz"
  integrity sha512-ypdmJU/TbBby2Dxibuv7ZLW3Bs1QEmM7nHjEANfohJLvE0XVujisn1qPJcZxg+qDucsr+bP6fLD1rPS3AhJ7EQ==

get-nonce@^1.0.0:
  version "1.0.1"
  resolved "https://registry.npmjs.org/get-nonce/-/get-nonce-1.0.1.tgz"
  integrity sha512-FJhYRoDaiatfEkUK8HKlicmu/3SGFD51q3itKDGoSTysQJBnfOcxU5GxnhE1E6soB76MbT0MBtnKJuXyAx+96Q==

invariant@^2.2.4:
  version "2.2.4"
  resolved "https://registry.npmjs.org/invariant/-/invariant-2.2.4.tgz"
  integrity sha512-phJfQVBuaJM5raOpJjSfkiD6BpbCE4Ns//LaXl6wGYtUBY83nWS6Rf9tXm2e8VaK60JEjYldbPif/A2B1C2gNA==
  dependencies:
    loose-envify "^1.0.0"

"js-tokens@^3.0.0 || ^4.0.0":
  version "4.0.0"
  resolved "https://registry.npmjs.org/js-tokens/-/js-tokens-4.0.0.tgz"
  integrity sha512-RdJUflcE3cUzKiMqQgsCu06FPu9UdIJO0beYbPhHN4k6apgJtifcoCtT9bcxOpYBtpD2kCM6Sbzg4CausW/PKQ==

loose-envify@^1.0.0:
  version "1.4.0"
  resolved "https://registry.npmjs.org/loose-envify/-/loose-envify-1.4.0.tgz"
  integrity sha512-lyuxPGr/Wfhrlem2CL/UcnUc1zcqKAImBDzukY7Y5F/yQiNdko6+fRLevlw1HgMySw7f611UIY408EtxRSoK3Q==
  dependencies:
    js-tokens "^3.0.0 || ^4.0.0"

react-icons@^4.8.0:
  version "4.8.0"
  resolved "https://registry.npmjs.org/react-icons/-/react-icons-4.8.0.tgz"
  integrity sha512-N6+kOLcihDiAnj5Czu637waJqSnwlMNROzVZMhfX68V/9bu9qHaMIJC4UdozWoOk57gahFCNHwVvWzm0MTzRjg==

react-remove-scroll-bar@^2.3.3:
  version "2.3.4"
  resolved "https://registry.npmjs.org/react-remove-scroll-bar/-/react-remove-scroll-bar-2.3.4.tgz"
  integrity sha512-63C4YQBUt0m6ALadE9XV56hV8BgJWDmmTPY758iIJjfQKt2nYwoUrPk0LXRXcB/yIj82T1/Ixfdpdk68LwIB0A==
  dependencies:
    react-style-singleton "^2.2.1"
    tslib "^2.0.0"

react-remove-scroll@2.5.5:
  version "2.5.5"
  resolved "https://registry.npmjs.org/react-remove-scroll/-/react-remove-scroll-2.5.5.tgz"
  integrity sha512-ImKhrzJJsyXJfBZ4bzu8Bwpka14c/fQt0k+cyFp/PBhTfyDnU5hjOtM4AG/0AMyy8oKzOTR0lDgJIM7pYXI0kw==
  dependencies:
    react-remove-scroll-bar "^2.3.3"
    react-style-singleton "^2.2.1"
    tslib "^2.1.0"
    use-callback-ref "^1.3.0"
    use-sidecar "^1.1.2"

react-style-singleton@^2.2.1:
  version "2.2.1"
  resolved "https://registry.npmjs.org/react-style-singleton/-/react-style-singleton-2.2.1.tgz"
  integrity sha512-ZWj0fHEMyWkHzKYUr2Bs/4zU6XLmq9HsgBURm7g5pAVfyn49DgUiNgY2d4lXRlYSiCif9YBGpQleewkcqddc7g==
  dependencies:
    get-nonce "^1.0.0"
    invariant "^2.2.4"
    tslib "^2.0.0"

reactflow@^11.7.2:
  version "11.7.2"
  resolved "https://registry.npmjs.org/reactflow/-/reactflow-11.7.2.tgz"
  integrity sha512-HBudD8BwZacOMqX8fbkiXbeBQs3nRezWVLCDurfc+tTeHsA7988uyaIOhrnKgYCcKtlpJaspsnxDZk+5JmmHxA==
  dependencies:
    "@reactflow/background" "11.2.2"
    "@reactflow/controls" "11.1.13"
    "@reactflow/core" "11.7.2"
    "@reactflow/minimap" "11.5.2"
    "@reactflow/node-resizer" "2.1.0"
    "@reactflow/node-toolbar" "1.2.1"

regenerator-runtime@^0.13.11:
  version "0.13.11"
  resolved "https://registry.npmjs.org/regenerator-runtime/-/regenerator-runtime-0.13.11.tgz"
  integrity sha512-kY1AZVr2Ra+t+piVaJ4gxaFaReZVH40AKNo7UCX6W+dEwBo/2oZJzqfuN1qLq1oL45o56cPaTXELwrTh8Fpggg==

tslib@^2.0.0, tslib@^2.1.0:
  version "2.5.1"
  resolved "https://registry.npmjs.org/tslib/-/tslib-2.5.1.tgz"
  integrity sha512-KaI6gPil5m9vF7DKaoXxx1ia9fxS4qG5YveErRRVknPDXXriu5M8h48YRjB6h5ZUOKuAKlSJYb0GaDe8I39fRw==

use-callback-ref@^1.3.0:
  version "1.3.0"
  resolved "https://registry.npmjs.org/use-callback-ref/-/use-callback-ref-1.3.0.tgz"
  integrity sha512-3FT9PRuRdbB9HfXhEq35u4oZkvpJ5kuYbpqhCfmiZyReuRgpnhDlbr2ZEnnuS0RrJAPn6l23xjFg9kpDM+Ms7w==
  dependencies:
    tslib "^2.0.0"

use-isomorphic-layout-effect@^1.1.1:
  version "1.1.2"
  resolved "https://registry.npmjs.org/use-isomorphic-layout-effect/-/use-isomorphic-layout-effect-1.1.2.tgz"
  integrity sha512-49L8yCO3iGT/ZF9QttjwLF/ZD9Iwto5LnH5LmEdk/6cFmXddqi2ulF0edxTwjj+7mqvpVVGQWvbXZdn32wRSHA==

use-sidecar@^1.1.2:
  version "1.1.2"
  resolved "https://registry.npmjs.org/use-sidecar/-/use-sidecar-1.1.2.tgz"
  integrity sha512-epTbsLuzZ7lPClpz2TyryBfztm7m+28DlEv2ZCQ3MDr5ssiwyOwGH/e5F9CkfWjJ1t4clvI58yF822/GUkjjhw==
  dependencies:
    detect-node-es "^1.1.0"
    tslib "^2.0.0"

use-sync-external-store@1.2.0:
  version "1.2.0"
  resolved "https://registry.npmjs.org/use-sync-external-store/-/use-sync-external-store-1.2.0.tgz"
  integrity sha512-eEgnFxGQ1Ife9bzYs6VLi8/4X6CObHMw9Qr9tPY43iKwsPw8xE8+EFsf/2cFZ5S3esXgpWgtSCtLNS41F+sKPA==

zustand@^4.3.1:
  version "4.3.8"
  resolved "https://registry.npmjs.org/zustand/-/zustand-4.3.8.tgz"
  integrity sha512-4h28KCkHg5ii/wcFFJ5Fp+k1J3gJoasaIbppdgZFO4BPJnsNxL0mQXBSFgOgAdCdBj35aDTPvdAJReTMntFPGg==
  dependencies:
    use-sync-external-store "1.2.0"
